PODS:
  - OCWaveView (0.0.3)

DEPENDENCIES:
  - OCWaveView (from `https://github.com/emannuelOC/OCWaveView.git`)

EXTERNAL SOURCES:
  OCWaveView:
    :git: https://github.com/emannuelOC/OCWaveView.git

CHECKOUT OPTIONS:
  OCWaveView:
    :commit: 1d0305d6c8fed21b936f750c90b60d071a7b0fd3
    :git: https://github.com/emannuelOC/OCWaveView.git

SPEC CHECKSUMS:
  OCWaveView: ecb20508d6133511a1445517ffe41a410e840e45

PODFILE CHECKSUM: 523ccd3ccbf9e26ba4fd60c8d3effb2bc909fffa

COCOAPODS: 1.2.0
