PODS:
  - OCWaveView (0.0.3)

DEPENDENCIES:
  - OCWaveView (from `https://github.com/emannuelOC/OCWaveView.git`, tag `0.0.4`)

EXTERNAL SOURCES:
  OCWaveView:
    :git: https://github.com/emannuelOC/OCWaveView.git
    :tag: 0.0.4

CHECKOUT OPTIONS:
  OCWaveView:
    :git: https://github.com/emannuelOC/OCWaveView.git
    :tag: 0.0.4

SPEC CHECKSUMS:
  OCWaveView: ecb20508d6133511a1445517ffe41a410e840e45

PODFILE CHECKSUM: 0a41998112c8dccbc9c0a7fcbddc311dae5eb624

COCOAPODS: 1.2.0
